{
  "originHash" : "92a3ef4217ca1437b392b1b398a494da801ea2edc2e3bc5ee29aba32d194badc",
  "pins" : [
    {
      "identity" : "charts",
      "kind" : "remoteSourceControl",
      "location" : "https://github.com/ChartsOrg/Charts.git",
      "state" : {
        "revision" : "dd9c72e3d7e751e769971092a6bd72d39198ae63",
        "version" : "5.1.0"
      }
    },
    {
      "identity" : "core-plot",
      "kind" : "remoteSourceControl",
      "location" : "https://github.com/core-plot/core-plot.git",
      "state" : {
        "branch" : "release-2.4",
        "revision" : "bc6a582b54eb79da8e735bc2e6bc9d7d70765842"
      }
    },
    {
      "identity" : "sqlite.swift",
      "kind" : "remoteSourceControl",
      "location" : "https://github.com/stephencelis/SQLite.swift",
      "state" : {
        "revision" : "a95fc6df17d108bd99210db5e8a9bac90fe984b8",
        "version" : "0.15.3"
      }
    }
  ],
  "version" : 3
}
